// !$*UTF8*$!
{
	archiveVersion = 1;
	classes = {
	};
	objectVersion = 46;
	objects = {

/* Begin PBXBuildFile section */
		145002141F6C05CD00605CEC /* Constants.swift in Sources */ = {isa = PBXBuildFile; fileRef = 145002131F6C05CD00605CEC /* Constants.swift */; };
		145002161F6C857A00605CEC /* CurrentWeather.swift in Sources */ = {isa = PBXBuildFile; fileRef = 145002151F6C857A00605CEC /* CurrentWeather.swift */; };
		14A476B21F70CDC200BF4145 /* Forecast.swift in Sources */ = {isa = PBXBuildFile; fileRef = 14A476B11F70CDC200BF4145 /* Forecast.swift */; };
		14A476B41F71814A00BF4145 /* WeatherCell.swift in Sources */ = {isa = PBXBuildFile; fileRef = 14A476B31F71814A00BF4145 /* WeatherCell.swift */; };
		14AD99DD1F68923E0041F9CA /* AppDelegate.swift in Sources */ = {isa = PBXBuildFile; fileRef = 14AD99DC1F68923E0041F9CA /* AppDelegate.swift */; };
		14AD99DF1F68923E0041F9CA /* WeatherVC.swift in Sources */ = {isa = PBXBuildFile; fileRef = 14AD99DE1F68923E0041F9CA /* WeatherVC.swift */; };
		14AD99E21F68923E0041F9CA /* Main.storyboard in Resources */ = {isa = PBXBuildFile; fileRef = 14AD99E01F68923E0041F9CA /* Main.storyboard */; };
		14AD99E41F68923E0041F9CA /* Assets.xcassets in Resources */ = {isa = PBXBuildFile; fileRef = 14AD99E31F68923E0041F9CA /* Assets.xcassets */; };
		14AD99E71F68923E0041F9CA /* LaunchScreen.storyboard in Resources */ = {isa = PBXBuildFile; fileRef = 14AD99E51F68923E0041F9CA /* LaunchScreen.storyboard */; };
		E18AFD01AF74AE45AC5E8583 /* Pods_rainyshiny.framework in Frameworks */ = {isa = PBXBuildFile; fileRef = 9059CFE146AE53061FF4769F /* Pods_rainyshiny.framework */; };
/* End PBXBuildFile section */

/* Begin PBXFileReference section */
		145002131F6C05CD00605CEC /* Constants.swift */ = {isa = PBXFileReference; fileEncoding = 4; lastKnownFileType = sourcecode.swift; path = Constants.swift; sourceTree = "<group>"; };
		145002151F6C857A00605CEC /* CurrentWeather.swift */ = {isa = PBXFileReference; fileEncoding = 4; lastKnownFileType = sourcecode.swift; path = CurrentWeather.swift; sourceTree = "<group>"; };
		14A476B11F70CDC200BF4145 /* Forecast.swift */ = {isa = PBXFileReference; fileEncoding = 4; lastKnownFileType = sourcecode.swift; path = Forecast.swift; sourceTree = "<group>"; };
		14A476B31F71814A00BF4145 /* WeatherCell.swift */ = {isa = PBXFileReference; fileEncoding = 4; lastKnownFileType = sourcecode.swift; path = WeatherCell.swift; sourceTree = "<group>"; };
		14AD99D91F68923E0041F9CA /* rainyshiny.app */ = {isa = PBXFileReference; explicitFileType = wrapper.application; includeInIndex = 0; path = rainyshiny.app; sourceTree = BUILT_PRODUCTS_DIR; };
		14AD99DC1F68923E0041F9CA /* AppDelegate.swift */ = {isa = PBXFileReference; lastKnownFileType = sourcecode.swift; path = AppDelegate.swift; sourceTree = "<group>"; };
		14AD99DE1F68923E0041F9CA /* WeatherVC.swift */ = {isa = PBXFileReference; lastKnownFileType = sourcecode.swift; path = WeatherVC.swift; sourceTree = "<group>"; };
		14AD99E11F68923E0041F9CA /* Base */ = {isa = PBXFileReference; lastKnownFileType = file.storyboard; name = Base; path = Base.lproj/Main.storyboard; sourceTree = "<group>"; };
		14AD99E31F68923E0041F9CA /* Assets.xcassets */ = {isa = PBXFileReference; lastKnownFileType = folder.assetcatalog; path = Assets.xcassets; sourceTree = "<group>"; };
		14AD99E61F68923E0041F9CA /* Base */ = {isa = PBXFileReference; lastKnownFileType = file.storyboard; name = Base; path = Base.lproj/LaunchScreen.storyboard; sourceTree = "<group>"; };
		14AD99E81F68923E0041F9CA /* Info.plist */ = {isa = PBXFileReference; lastKnownFileType = text.plist.xml; path = Info.plist; sourceTree = "<group>"; };
		2B021F96791407BFF42CB302 /* Pods-rainyshiny.debug.xcconfig */ = {isa = PBXFileReference; includeInIndex = 1; lastKnownFileType = text.xcconfig; name = "Pods-rainyshiny.debug.xcconfig"; path = "Pods/Target Support Files/Pods-rainyshiny/Pods-rainyshiny.debug.xcconfig"; sourceTree = "<group>"; };
		86E033D1F984A869C953A784 /* Pods-rainyshiny.release.xcconfig */ = {isa = PBXFileReference; includeInIndex = 1; lastKnownFileType = text.xcconfig; name = "Pods-rainyshiny.release.xcconfig"; path = "Pods/Target Support Files/Pods-rainyshiny/Pods-rainyshiny.release.xcconfig"; sourceTree = "<group>"; };
		9059CFE146AE53061FF4769F /* Pods_rainyshiny.framework */ = {isa = PBXFileReference; explicitFileType = wrapper.framework; includeInIndex = 0; path = Pods_rainyshiny.framework; sourceTree = BUILT_PRODUCTS_DIR; };
/* End PBXFileReference section */

/* Begin PBXFrameworksBuildPhase section */
		14AD99D61F68923E0041F9CA /* Frameworks */ = {
			isa = PBXFrameworksBuildPhase;
			buildActionMask = 2147483647;
			files = (
				E18AFD01AF74AE45AC5E8583 /* Pods_rainyshiny.framework in Frameworks */,
			);
			runOnlyForDeploymentPostprocessing = 0;
		};
/* End PBXFrameworksBuildPhase section */

/* Begin PBXGroup section */
		14AD99D01F68923E0041F9CA = {
			isa = PBXGroup;
			children = (
				14AD99DB1F68923E0041F9CA /* rainyshiny */,
				14AD99DA1F68923E0041F9CA /* Products */,
				FEB125ADE89995CC06C87C31 /* Pods */,
				B7D5DDD28480F34F0BE85F79 /* Frameworks */,
			);
			sourceTree = "<group>";
		};
		14AD99DA1F68923E0041F9CA /* Products */ = {
			isa = PBXGroup;
			children = (
				14AD99D91F68923E0041F9CA /* rainyshiny.app */,
			);
			name = Products;
			sourceTree = "<group>";
		};
		14AD99DB1F68923E0041F9CA /* rainyshiny */ = {
			isa = PBXGroup;
			children = (
				14AD99DC1F68923E0041F9CA /* AppDelegate.swift */,
				14AD99DE1F68923E0041F9CA /* WeatherVC.swift */,
				14AD99E01F68923E0041F9CA /* Main.storyboard */,
				14AD99E31F68923E0041F9CA /* Assets.xcassets */,
				14AD99E51F68923E0041F9CA /* LaunchScreen.storyboard */,
				14AD99E81F68923E0041F9CA /* Info.plist */,
				145002131F6C05CD00605CEC /* Constants.swift */,
				145002151F6C857A00605CEC /* CurrentWeather.swift */,
				14A476B11F70CDC200BF4145 /* Forecast.swift */,
				14A476B31F71814A00BF4145 /* WeatherCell.swift */,
			);
			path = rainyshiny;
			sourceTree = "<group>";
		};
		B7D5DDD28480F34F0BE85F79 /* Frameworks */ = {
			isa = PBXGroup;
			children = (
				9059CFE146AE53061FF4769F /* Pods_rainyshiny.framework */,
			);
			name = Frameworks;
			sourceTree = "<group>";
		};
		FEB125ADE89995CC06C87C31 /* Pods */ = {
			isa = PBXGroup;
			children = (
				2B021F96791407BFF42CB302 /* Pods-rainyshiny.debug.xcconfig */,
				86E033D1F984A869C953A784 /* Pods-rainyshiny.release.xcconfig */,
			);
			name = Pods;
			sourceTree = "<group>";
		};
/* End PBXGroup section */

/* Begin PBXNativeTarget section */
		14AD99D81F68923E0041F9CA /* rainyshiny */ = {
			isa = PBXNativeTarget;
			buildConfigurationList = 14AD99EB1F68923E0041F9CA /* Build configuration list for PBXNativeTarget "rainyshiny" */;
			buildPhases = (
				E1FD3B88F001D6C2B08BE249 /* [CP] Check Pods Manifest.lock */,
				14AD99D51F68923E0041F9CA /* Sources */,
				14AD99D61F68923E0041F9CA /* Frameworks */,
				14AD99D71F68923E0041F9CA /* Resources */,
				0358D74994E21D8C9C7DACCD /* [CP] Embed Pods Frameworks */,
				56407F7657B8077976110E18 /* [CP] Copy Pods Resources */,
			);
			buildRules = (
			);
			dependencies = (
			);
			name = rainyshiny;
			productName = rainyshiny;
			productReference = 14AD99D91F68923E0041F9CA /* rainyshiny.app */;
			productType = "com.apple.product-type.application";
		};
/* End PBXNativeTarget section */

/* Begin PBXProject section */
		14AD99D11F68923E0041F9CA /* Project object */ = {
			isa = PBXProject;
			attributes = {
				LastSwiftUpdateCheck = 0830;
				LastUpgradeCheck = 0830;
				ORGANIZATIONNAME = "Isaac Rodriguez";
				TargetAttributes = {
					14AD99D81F68923E0041F9CA = {
						CreatedOnToolsVersion = 8.3.3;
						DevelopmentTeam = GF5KK69ZR2;
						ProvisioningStyle = Automatic;
					};
				};
			};
			buildConfigurationList = 14AD99D41F68923E0041F9CA /* Build configuration list for PBXProject "rainyshiny" */;
			compatibilityVersion = "Xcode 3.2";
			developmentRegion = English;
			hasScannedForEncodings = 0;
			knownRegions = (
				en,
				Base,
			);
			mainGroup = 14AD99D01F68923E0041F9CA;
			productRefGroup = 14AD99DA1F68923E0041F9CA /* Products */;
			projectDirPath = "";
			projectRoot = "";
			targets = (
				14AD99D81F68923E0041F9CA /* rainyshiny */,
			);
		};
/* End PBXProject section */

/* Begin PBXResourcesBuildPhase section */
		14AD99D71F68923E0041F9CA /* Resources */ = {
			isa = PBXResourcesBuildPhase;
			buildActionMask = 2147483647;
			files = (
				14AD99E71F68923E0041F9CA /* LaunchScreen.storyboard in Resources */,
				14AD99E41F68923E0041F9CA /* Assets.xcassets in Resources */,
				14AD99E21F68923E0041F9CA /* Main.storyboard in Resources */,
			);
			runOnlyForDeploymentPostprocessing = 0;
		};
/* End PBXResourcesBuildPhase section */

/* Begin PBXShellScriptBuildPhase section */
		0358D74994E21D8C9C7DACCD /* [CP] Embed Pods Frameworks */ = {
			isa = PBXShellScriptBuildPhase;
			buildActionMask = 2147483647;
			files = (
			);
			inputPaths = (
				"${SRCROOT}/Pods/Target Support Files/Pods-rainyshiny/Pods-rainyshiny-frameworks.sh",
				"${BUILT_PRODUCTS_DIR}/Alamofire/Alamofire.framework",
			);
			name = "[CP] Embed Pods Frameworks";
			outputPaths = (
				"${TARGET_BUILD_DIR}/${FRAMEWORKS_FOLDER_PATH}/Alamofire.framework",
			);
			runOnlyForDeploymentPostprocessing = 0;
			shellPath = /bin/sh;
			shellScript = "\"${SRCROOT}/Pods/Target Support Files/Pods-rainyshiny/Pods-rainyshiny-frameworks.sh\"\n";
			showEnvVarsInLog = 0;
		};
		56407F7657B8077976110E18 /* [CP] Copy Pods Resources */ = {
			isa = PBXShellScriptBuildPhase;
			buildActionMask = 2147483647;
			files = (
			);
			inputPaths = (
			);
			name = "[CP] Copy Pods Resources";
			outputPaths = (
			);
			runOnlyForDeploymentPostprocessing = 0;
			shellPath = /bin/sh;
			shellScript = "\"${SRCROOT}/Pods/Target Support Files/Pods-rainyshiny/Pods-rainyshiny-resources.sh\"\n";
			showEnvVarsInLog = 0;
		};
		E1FD3B88F001D6C2B08BE249 /* [CP] Check Pods Manifest.lock */ = {
			isa = PBXShellScriptBuildPhase;
			buildActionMask = 2147483647;
			files = (
			);
			inputPaths = (
				"${PODS_PODFILE_DIR_PATH}/Podfile.lock",
				"${PODS_ROOT}/Manifest.lock",
			);
			name = "[CP] Check Pods Manifest.lock";
			outputPaths = (
				"$(DERIVED_FILE_DIR)/Pods-rainyshiny-checkManifestLockResult.txt",
			);
			runOnlyForDeploymentPostprocessing = 0;
			shellPath = /bin/sh;
			shellScript = "diff \"${PODS_PODFILE_DIR_PATH}/Podfile.lock\" \"${PODS_ROOT}/Manifest.lock\" > /dev/null\nif [ $? != 0 ] ; then\n    # print error to STDERR\n    echo \"error: The sandbox is not in sync with the Podfile.lock. Run 'pod install' or update your CocoaPods installation.\" >&2\n    exit 1\nfi\n# This output is used by Xcode 'outputs' to avoid re-running this script phase.\necho \"SUCCESS\" > \"${SCRIPT_OUTPUT_FILE_0}\"\n";
			showEnvVarsInLog = 0;
		};
/* End PBXShellScriptBuildPhase section */

/* Begin PBXSourcesBuildPhase section */
		14AD99D51F68923E0041F9CA /* Sources */ = {
			isa = PBXSourcesBuildPhase;
			buildActionMask = 2147483647;
			files = (
				14AD99DF1F68923E0041F9CA /* WeatherVC.swift in Sources */,
				14AD99DD1F68923E0041F9CA /* AppDelegate.swift in Sources */,
				14A476B41F71814A00BF4145 /* WeatherCell.swift in Sources */,
				145002161F6C857A00605CEC /* CurrentWeather.swift in Sources */,
				145002141F6C05CD00605CEC /* Constants.swift in Sources */,
				14A476B21F70CDC200BF4145 /* Forecast.swift in Sources */,
			);
			runOnlyForDeploymentPostprocessing = 0;
		};
/* End PBXSourcesBuildPhase section */

/* Begin PBXVariantGroup section */
		14AD99E01F68923E0041F9CA /* Main.storyboard */ = {
			isa = PBXVariantGroup;
			children = (
				14AD99E11F68923E0041F9CA /* Base */,
			);
			name = Main.storyboard;
			sourceTree = "<group>";
		};
		14AD99E51F68923E0041F9CA /* LaunchScreen.storyboard */ = {
			isa = PBXVariantGroup;
			children = (
				14AD99E61F68923E0041F9CA /* Base */,
			);
			name = LaunchScreen.storyboard;
			sourceTree = "<group>";
		};
/* End PBXVariantGroup section */

/* Begin XCBuildConfiguration section */
		14AD99E91F68923E0041F9CA /* Debug */ = {
			isa = XCBuildConfiguration;
			buildSettings = {
				ALWAYS_SEARCH_USER_PATHS = NO;
				CLANG_ANALYZER_NONNULL = YES;
				CLANG_ANALYZER_NUMBER_OBJECT_CONVERSION = YES_AGGRESSIVE;
				CLANG_CXX_LANGUAGE_STANDARD = "gnu++0x";
				CLANG_CXX_LIBRARY = "libc++";
				CLANG_ENABLE_MODULES = YES;
				CLANG_ENABLE_OBJC_ARC = YES;
				CLANG_WARN_BOOL_CONVERSION = YES;
				CLANG_WARN_CONSTANT_CONVERSION = YES;
				CLANG_WARN_DIRECT_OBJC_ISA_USAGE = YES_ERROR;
				CLANG_WARN_DOCUMENTATION_COMMENTS = YES;
				CLANG_WARN_EMPTY_BODY = YES;
				CLANG_WARN_ENUM_CONVERSION = YES;
				CLANG_WARN_INFINITE_RECURSION = YES;
				CLANG_WARN_INT_CONVERSION = YES;
				CLANG_WARN_OBJC_ROOT_CLASS = YES_ERROR;
				CLANG_WARN_SUSPICIOUS_MOVE = YES;
				CLANG_WARN_UNREACHABLE_CODE = YES;
				CLANG_WARN__DUPLICATE_METHOD_MATCH = YES;
				"CODE_SIGN_IDENTITY[sdk=iphoneos*]" = "iPhone Developer";
				COPY_PHASE_STRIP = NO;
				DEBUG_INFORMATION_FORMAT = dwarf;
				ENABLE_STRICT_OBJC_MSGSEND = YES;
				ENABLE_TESTABILITY = YES;
				GCC_C_LANGUAGE_STANDARD = gnu99;
				GCC_DYNAMIC_NO_PIC = NO;
				GCC_NO_COMMON_BLOCKS = YES;
				GCC_OPTIMIZATION_LEVEL = 0;
				GCC_PREPROCESSOR_DEFINITIONS = (
					"DEBUG=1",
					"$(inherited)",
				);
				GCC_WARN_64_TO_32_BIT_CONVERSION = YES;
				GCC_WARN_ABOUT_RETURN_TYPE = YES_ERROR;
				GCC_WARN_UNDECLARED_SELECTOR = YES;
				GCC_WARN_UNINITIALIZED_AUTOS = YES_AGGRESSIVE;
				GCC_WARN_UNUSED_FUNCTION = YES;
				GCC_WARN_UNUSED_VARIABLE = YES;
				IPHONEOS_DEPLOYMENT_TARGET = 10.3;
				MTL_ENABLE_DEBUG_INFO = YES;
				ONLY_ACTIVE_ARCH = YES;
				SDKROOT = iphoneos;
				SWIFT_ACTIVE_COMPILATION_CONDITIONS = DEBUG;
				SWIFT_OPTIMIZATION_LEVEL = "-Onone";
				TARGETED_DEVICE_FAMILY = "1,2";
			};
			name = Debug;
		};
		14AD99EA1F68923E0041F9CA /* Release */ = {
			isa = XCBuildConfiguration;
			buildSettings = {
				ALWAYS_SEARCH_USER_PATHS = NO;
				CLANG_ANALYZER_NONNULL = YES;
				CLANG_ANALYZER_NUMBER_OBJECT_CONVERSION = YES_AGGRESSIVE;
				CLANG_CXX_LANGUAGE_STANDARD = "gnu++0x";
				CLANG_CXX_LIBRARY = "libc++";
				CLANG_ENABLE_MODULES = YES;
				CLANG_ENABLE_OBJC_ARC = YES;
				CLANG_WARN_BOOL_CONVERSION = YES;
				CLANG_WARN_CONSTANT_CONVERSION = YES;
				CLANG_WARN_DIRECT_OBJC_ISA_USAGE = YES_ERROR;
				CLANG_WARN_DOCUMENTATION_COMMENTS = YES;
				CLANG_WARN_EMPTY_BODY = YES;
				CLANG_WARN_ENUM_CONVERSION = YES;
				CLANG_WARN_INFINITE_RECURSION = YES;
				CLANG_WARN_INT_CONVERSION = YES;
				CLANG_WARN_OBJC_ROOT_CLASS = YES_ERROR;
				CLANG_WARN_SUSPICIOUS_MOVE = YES;
				CLANG_WARN_UNREACHABLE_CODE = YES;
				CLANG_WARN__DUPLICATE_METHOD_MATCH = YES;
				"CODE_SIGN_IDENTITY[sdk=iphoneos*]" = "iPhone Developer";
				COPY_PHASE_STRIP = NO;
				DEBUG_INFORMATION_FORMAT = "dwarf-with-dsym";
				ENABLE_NS_ASSERTIONS = NO;
				ENABLE_STRICT_OBJC_MSGSEND = YES;
				GCC_C_LANGUAGE_STANDARD = gnu99;
				GCC_NO_COMMON_BLOCKS = YES;
				GCC_WARN_64_TO_32_BIT_CONVERSION = YES;
				GCC_WARN_ABOUT_RETURN_TYPE = YES_ERROR;
				GCC_WARN_UNDECLARED_SELECTOR = YES;
				GCC_WARN_UNINITIALIZED_AUTOS = YES_AGGRESSIVE;
				GCC_WARN_UNUSED_FUNCTION = YES;
				GCC_WARN_UNUSED_VARIABLE = YES;
				IPHONEOS_DEPLOYMENT_TARGET = 10.3;
				MTL_ENABLE_DEBUG_INFO = NO;
				SDKROOT = iphoneos;
				SWIFT_OPTIMIZATION_LEVEL = "-Owholemodule";
				TARGETED_DEVICE_FAMILY = "1,2";
				VALIDATE_PRODUCT = YES;
			};
			name = Release;
		};
		14AD99EC1F68923E0041F9CA /* Debug */ = {
			isa = XCBuildConfiguration;
			baseConfigurationReference = 2B021F96791407BFF42CB302 /* Pods-rainyshiny.debug.xcconfig */;
			buildSettings = {
				ASSETCATALOG_COMPILER_APPICON_NAME = AppIcon;
				DEVELOPMENT_TEAM = GF5KK69ZR2;
				INFOPLIST_FILE = rainyshiny/Info.plist;
				LD_RUNPATH_SEARCH_PATHS = "$(inherited) @executable_path/Frameworks";
				PRODUCT_BUNDLE_IDENTIFIER = com.ninjamkt.rainyshiny;
				PRODUCT_NAME = "$(TARGET_NAME)";
				SWIFT_VERSION = 3.0;
				TARGETED_DEVICE_FAMILY = 1;
			};
			name = Debug;
		};
		14AD99ED1F68923E0041F9CA /* Release */ = {
			isa = XCBuildConfiguration;
			baseConfigurationReference = 86E033D1F984A869C953A784 /* Pods-rainyshiny.release.xcconfig */;
			buildSettings = {
				ASSETCATALOG_COMPILER_APPICON_NAME = AppIcon;
				DEVELOPMENT_TEAM = GF5KK69ZR2;
				INFOPLIST_FILE = rainyshiny/Info.plist;
				LD_RUNPATH_SEARCH_PATHS = "$(inherited) @executable_path/Frameworks";
				PRODUCT_BUNDLE_IDENTIFIER = com.ninjamkt.rainyshiny;
				PRODUCT_NAME = "$(TARGET_NAME)";
				SWIFT_VERSION = 3.0;
				TARGETED_DEVICE_FAMILY = 1;
			};
			name = Release;
		};
/* End XCBuildConfiguration section */

/* Begin XCConfigurationList section */
		14AD99D41F68923E0041F9CA /* Build configuration list for PBXProject "rainyshiny" */ = {
			isa = XCConfigurationList;
			buildConfigurations = (
				14AD99E91F68923E0041F9CA /* Debug */,
				14AD99EA1F68923E0041F9CA /* Release */,
			);
			defaultConfigurationIsVisible = 0;
			defaultConfigurationName = Release;
		};
		14AD99EB1F68923E0041F9CA /* Build configuration list for PBXNativeTarget "rainyshiny" */ = {
			isa = XCConfigurationList;
			buildConfigurations = (
				14AD99EC1F68923E0041F9CA /* Debug */,
				14AD99ED1F68923E0041F9CA /* Release */,
			);
			defaultConfigurationIsVisible = 0;
			defaultConfigurationName = Release;
		};
/* End XCConfigurationList section */
	};
	rootObject = 14AD99D11F68923E0041F9CA /* Project object */;
}
